{
    "_readme": [
        "This file locks the dependencies of your project to a known state",
        "Read more about it at https://getcomposer.org/doc/01-basic-usage.md#installing-dependencies",
        "This file is @generated automatically"
    ],
    "content-hash": "2d87fa7aed2fde587f8bb48f5f0adc10",
    "packages": [
        {
            "name": "doublegunz/belajar-aritmatika",
            "version": "v1.0.4",
            "source": {
                "type": "git",
                "url": "https://github.com/doublegunz/BelajarAritmatika.git",
                "reference": "2d4953b99a9de97a6ca2c42e6f5fd28607fa767b"
            },
            "dist": {
                "type": "zip",
                "url": "https://api.github.com/repos/doublegunz/BelajarAritmatika/zipball/2d4953b99a9de97a6ca2c42e6f5fd28607fa767b",
                "reference": "2d4953b99a9de97a6ca2c42e6f5fd28607fa767b",
                "shasum": ""
            },
            "require": {
                "php": "^7.2|^8.0"
            },
            "require-dev": {
                "phpunit/phpunit": "^9.5",
                "squizlabs/php_codesniffer": "3.*"
            },
            "type": "library",
            "autoload": {
                "psr-4": {
                    "Aritmatika\\": "src/"
                }
            },
            "notification-url": "https://packagist.org/downloads/",
            "license": [
                "MIT"
            ],
            "authors": [
                {
                    "name": "doublegunz",
                    "email": "gungunpriatna02@gmail.com",
                    "homepage": "https://qadrlabs.com",
                    "role": "Developer"
                }
            ],
            "description": "Operasi aritmatika",
            "homepage": "https://github.com/doublegunz/BelajarAritmatika",
            "keywords": [
                "belajar php",
                "package"
            ],
            "support": {
                "issues": "https://github.com/doublegunz/BelajarAritmatika/issues",
                "source": "https://github.com/doublegunz/BelajarAritmatika/tree/v1.0.4"
            },
            "time": "2021-10-19T00:39:04+00:00"
        }
    ],
    "packages-dev": [],
    "aliases": [],
    "minimum-stability": "stable",
    "stability-flags": [],
    "prefer-stable": false,
    "prefer-lowest": false,
    "platform": [],
    "platform-dev": [],
    "plugin-api-version": "2.0.0"
}
